# THIS IS AN AUTOGENERATED FILE. DO NOT EDIT THIS FILE DIRECTLY.
# yarn lockfile v1


ajv@^6.5.5:
  version "6.10.0"
  resolved "https://infusionsoft.jfrog.io/infusionsoft/api/npm/npm/ajv/-/ajv-6.10.0.tgz#90d0d54439da587cd7e843bfb7045f50bd22bdf1"
  integrity sha1-kNDVRDnaWHzX6EO/twRfUL0ivfE=
  dependencies:
    fast-deep-equal "^2.0.1"
    fast-json-stable-stringify "^2.0.0"
    json-schema-traverse "^0.4.1"
    uri-js "^4.2.2"

asn1@~0.2.3:
  version "0.2.4"
  resolved "https://infusionsoft.jfrog.io/infusionsoft/api/npm/npm/asn1/-/asn1-0.2.4.tgz#8d2475dfab553bb33e77b54e59e880bb8ce23136"
  integrity sha1-jSR136tVO7M+d7VOWeiAu4ziMTY=
  dependencies:
    safer-buffer "~2.1.0"

assert-plus@1.0.0, assert-plus@^1.0.0:
  version "1.0.0"
  resolved "https://infusionsoft.jfrog.io/infusionsoft/api/npm/npm/assert-plus/-/assert-plus-1.0.0.tgz#f12e0f3c5d77b0b1cdd9146942e4e96c1e4dd525"
  integrity sha1-8S4PPF13sLHN2RRpQuTpbB5N1SU=

async@0.2.x:
  version "0.2.10"
  resolved "https://infusionsoft.jfrog.io/infusionsoft/api/npm/npm/async/-/async-0.2.10.tgz#b6bbe0b0674b9d719708ca38de8c237cb526c3d1"
  integrity sha1-trvgsGdLnXGXCMo43owjfLUmw9E=

asynckit@^0.4.0:
  version "0.4.0"
  resolved "https://infusionsoft.jfrog.io/infusionsoft/api/npm/npm/asynckit/-/asynckit-0.4.0.tgz#c79ed97f7f34cb8f2ba1bc9790bcc366474b4b79"
  integrity sha1-x57Zf380y48robyXkLzDZkdLS3k=

aws-sign2@~0.7.0:
  version "0.7.0"
  resolved "https://infusionsoft.jfrog.io/infusionsoft/api/npm/npm/aws-sign2/-/aws-sign2-0.7.0.tgz#b46e890934a9591f2d2f6f86d7e6a9f1b3fe76a8"
  integrity sha1-tG6JCTSpWR8tL2+G1+ap8bP+dqg=

aws4@^1.8.0:
  version "1.8.0"
  resolved "https://infusionsoft.jfrog.io/infusionsoft/api/npm/npm/aws4/-/aws4-1.8.0.tgz#f0e003d9ca9e7f59c7a508945d7b2ef9a04a542f"
  integrity sha1-8OAD2cqef1nHpQiUXXsu+aBKVC8=

bcrypt-pbkdf@^1.0.0:
  version "1.0.2"
  resolved "https://infusionsoft.jfrog.io/infusionsoft/api/npm/npm/bcrypt-pbkdf/-/bcrypt-pbkdf-1.0.2.tgz#a4301d389b6a43f9b67ff3ca11a3f6637e360e9e"
  integrity sha1-pDAdOJtqQ/m2f/PKEaP2Y342Dp4=
  dependencies:
    tweetnacl "^0.14.3"

caseless@~0.12.0:
  version "0.12.0"
  resolved "https://infusionsoft.jfrog.io/infusionsoft/api/npm/npm/caseless/-/caseless-0.12.0.tgz#1b681c21ff84033c826543090689420d187151dc"
  integrity sha1-G2gcIf+EAzyCZUMJBolCDRhxUdw=

combined-stream@^1.0.6, combined-stream@~1.0.6:
  version "1.0.7"
  resolved "https://infusionsoft.jfrog.io/infusionsoft/api/npm/npm/combined-stream/-/combined-stream-1.0.7.tgz#2d1d24317afb8abe95d6d2c0b07b57813539d828"
  integrity sha1-LR0kMXr7ir6V1tLAsHtXgTU52Cg=
  dependencies:
    delayed-stream "~1.0.0"

core-util-is@1.0.2:
  version "1.0.2"
  resolved "https://infusionsoft.jfrog.io/infusionsoft/api/npm/npm/core-util-is/-/core-util-is-1.0.2.tgz#b5fd54220aa2bc5ab57aab7140c940754503c1a7"
  integrity sha1-tf1UIgqivFq1eqtxQMlAdUUDwac=

dashdash@^1.12.0:
  version "1.14.1"
  resolved "https://infusionsoft.jfrog.io/infusionsoft/api/npm/npm/dashdash/-/dashdash-1.14.1.tgz#853cfa0f7cbe2fed5de20326b8dd581035f6e2f0"
  integrity sha1-hTz6D3y+L+1d4gMmuN1YEDX24vA=
  dependencies:
    assert-plus "^1.0.0"

dateformat@^3.0.3:
  version "3.0.3"
  resolved "https://infusionsoft.jfrog.io/infusionsoft/api/npm/npm/dateformat/-/dateformat-3.0.3.tgz#a6e37499a4d9a9cf85ef5872044d62901c9889ae"
  integrity sha1-puN0maTZqc+F71hyBE1ikByYia4=

delayed-stream@~1.0.0:
  version "1.0.0"
  resolved "https://infusionsoft.jfrog.io/infusionsoft/api/npm/npm/delayed-stream/-/delayed-stream-1.0.0.tgz#df3ae199acadfb7d440aaae0b29e2272b24ec619"
  integrity sha1-3zrhmayt+31ECqrgsp4icrJOxhk=

dotenv@^5.0.1:
  version "5.0.1"
  resolved "https://infusionsoft.jfrog.io/infusionsoft/api/npm/npm/dotenv/-/dotenv-5.0.1.tgz#a5317459bd3d79ab88cff6e44057a6a3fbb1fcef"
  integrity sha1-pTF0Wb09eauIz/bkQFemo/ux/O8=

ecc-jsbn@~0.1.1:
  version "0.1.2"
  resolved "https://infusionsoft.jfrog.io/infusionsoft/api/npm/npm/ecc-jsbn/-/ecc-jsbn-0.1.2.tgz#3a83a904e54353287874c564b7549386849a98c9"
  integrity sha1-OoOpBOVDUyh4dMVkt1SThoSamMk=
  dependencies:
    jsbn "~0.1.0"
    safer-buffer "^2.1.0"

encoding@^0.1.11:
  version "0.1.12"
  resolved "https://infusionsoft.jfrog.io/infusionsoft/api/npm/npm/encoding/-/encoding-0.1.12.tgz#538b66f3ee62cd1ab51ec323829d1f9480c74beb"
  integrity sha1-U4tm8+5izRq1HsMjgp0flIDHS+s=
  dependencies:
    iconv-lite "~0.4.13"

extend@~3.0.2:
  version "3.0.2"
  resolved "https://infusionsoft.jfrog.io/infusionsoft/api/npm/npm/extend/-/extend-3.0.2.tgz#f8b1136b4071fbd8eb140aff858b1019ec2915fa"
  integrity sha1-+LETa0Bx+9jrFAr/hYsQGewpFfo=

extsprintf@1.3.0:
  version "1.3.0"
  resolved "https://infusionsoft.jfrog.io/infusionsoft/api/npm/npm/extsprintf/-/extsprintf-1.3.0.tgz#96918440e3041a7a414f8c52e3c574eb3c3e1e05"
  integrity sha1-lpGEQOMEGnpBT4xS48V06zw+HgU=

extsprintf@^1.2.0:
  version "1.4.0"
  resolved "https://infusionsoft.jfrog.io/infusionsoft/api/npm/npm/extsprintf/-/extsprintf-1.4.0.tgz#e2689f8f356fad62cca65a3a91c5df5f9551692f"
  integrity sha1-4mifjzVvrWLMplo6kcXfX5VRaS8=

fast-deep-equal@^2.0.1:
  version "2.0.1"
  resolved "https://infusionsoft.jfrog.io/infusionsoft/api/npm/npm/fast-deep-equal/-/fast-deep-equal-2.0.1.tgz#7b05218ddf9667bf7f370bf7fdb2cb15fdd0aa49"
  integrity sha1-ewUhjd+WZ79/Nwv3/bLLFf3Qqkk=

fast-equals@^1.5.3:
  version "1.6.3"
  resolved "https://infusionsoft.jfrog.io/infusionsoft/api/npm/npm/fast-equals/-/fast-equals-1.6.3.tgz#84839a1ce20627c463e1892f2ae316380c81b459"
  integrity sha1-hIOaHOIGJ8Rj4YkvKuMWOAyBtFk=

fast-json-stable-stringify@^2.0.0:
  version "2.0.0"
  resolved "https://infusionsoft.jfrog.io/infusionsoft/api/npm/npm/fast-json-stable-stringify/-/fast-json-stable-stringify-2.0.0.tgz#d5142c0caee6b1189f87d3a76111064f86c8bbf2"
  integrity sha1-1RQsDK7msRifh9OnYREGT4bIu/I=

forever-agent@~0.6.1:
  version "0.6.1"
  resolved "https://infusionsoft.jfrog.io/infusionsoft/api/npm/npm/forever-agent/-/forever-agent-0.6.1.tgz#fbc71f0c41adeb37f96c577ad1ed42d8fdacca91"
  integrity sha1-+8cfDEGt6zf5bFd60e1C2P2sypE=

form-data@~2.3.2:
  version "2.3.3"
  resolved "https://infusionsoft.jfrog.io/infusionsoft/api/npm/npm/form-data/-/form-data-2.3.3.tgz#dcce52c05f644f298c6a7ab936bd724ceffbf3a6"
  integrity sha1-3M5SwF9kTymManq5Nr1yTO/786Y=
  dependencies:
    asynckit "^0.4.0"
    combined-stream "^1.0.6"
    mime-types "^2.1.12"

fwk@1.1.8:
  version "1.1.8"
  resolved "https://infusionsoft.jfrog.io/infusionsoft/api/npm/npm/fwk/-/fwk-1.1.8.tgz#1ad4ed5300ef5baea1dcfb66ce497e747a15bb6d"
  integrity sha1-GtTtUwDvW66h3Ptmzkl+dHoVu20=
  dependencies:
    async "0.2.x"
    should "0.6.x"

getpass@^0.1.1:
  version "0.1.7"
  resolved "https://infusionsoft.jfrog.io/infusionsoft/api/npm/npm/getpass/-/getpass-0.1.7.tgz#5eff8e3e684d569ae4cb2b1282604e8ba62149fa"
  integrity sha1-Xv+OPmhNVprkyysSgmBOi6YhSfo=
  dependencies:
    assert-plus "^1.0.0"

har-schema@^2.0.0:
  version "2.0.0"
  resolved "https://infusionsoft.jfrog.io/infusionsoft/api/npm/npm/har-schema/-/har-schema-2.0.0.tgz#a94c2224ebcac04782a0d9035521f24735b7ec92"
  integrity sha1-qUwiJOvKwEeCoNkDVSHyRzW37JI=

har-validator@~5.1.0:
  version "5.1.3"
  resolved "https://infusionsoft.jfrog.io/infusionsoft/api/npm/npm/har-validator/-/har-validator-5.1.3.tgz#1ef89ebd3e4996557675eed9893110dc350fa080"
  integrity sha1-HvievT5JllV2de7ZiTEQ3DUPoIA=
  dependencies:
    ajv "^6.5.5"
    har-schema "^2.0.0"

http-signature@~1.2.0:
  version "1.2.0"
  resolved "https://infusionsoft.jfrog.io/infusionsoft/api/npm/npm/http-signature/-/http-signature-1.2.0.tgz#9aecd925114772f3d95b65a60abb8f7c18fbace1"
  integrity sha1-muzZJRFHcvPZW2WmCruPfBj7rOE=
  dependencies:
    assert-plus "^1.0.0"
    jsprim "^1.2.2"
    sshpk "^1.7.0"

i18n-iso-countries@^3.7.0:
  version "3.7.8"
  resolved "https://infusionsoft.jfrog.io/infusionsoft/api/npm/npm/i18n-iso-countries/-/i18n-iso-countries-3.7.8.tgz#e5ae94b227e3cf0071ec78da490e2cb427342049"
  integrity sha1-5a6UsifjzwBx7HjaSQ4stCc0IEk=

iconv-lite@~0.4.13:
  version "0.4.24"
  resolved "https://infusionsoft.jfrog.io/infusionsoft/api/npm/npm/iconv-lite/-/iconv-lite-0.4.24.tgz#2022b4b25fbddc21d2f524974a474aafe733908b"
  integrity sha1-ICK0sl+93CHS9SSXSkdKr+czkIs=
  dependencies:
    safer-buffer ">= 2.1.2 < 3"

is-stream@^1.0.1:
  version "1.1.0"
  resolved "https://infusionsoft.jfrog.io/infusionsoft/api/npm/npm/is-stream/-/is-stream-1.1.0.tgz#12d4a3dd4e68e0b79ceb8dbc84173ae80d91ca44"
  integrity sha1-EtSj3U5o4Lec6428hBc66A2RykQ=

is-typedarray@~1.0.0:
  version "1.0.0"
  resolved "https://infusionsoft.jfrog.io/infusionsoft/api/npm/npm/is-typedarray/-/is-typedarray-1.0.0.tgz#e479c80858df0c1b11ddda6940f96011fcda4a9a"
  integrity sha1-5HnICFjfDBsR3dppQPlgEfzaSpo=

isstream@~0.1.2:
  version "0.1.2"
  resolved "https://infusionsoft.jfrog.io/infusionsoft/api/npm/npm/isstream/-/isstream-0.1.2.tgz#47e63f7af55afa6f92e1500e690eb8b8529c099a"
  integrity sha1-R+Y/evVa+m+S4VAOaQ64uFKcCZo=

jsbn@~0.1.0:
  version "0.1.1"
  resolved "https://infusionsoft.jfrog.io/infusionsoft/api/npm/npm/jsbn/-/jsbn-0.1.1.tgz#a5e654c2e5a2deb5f201d96cefbca80c0ef2f513"
  integrity sha1-peZUwuWi3rXyAdls77yoDA7y9RM=

json-schema-traverse@^0.4.1:
  version "0.4.1"
  resolved "https://infusionsoft.jfrog.io/infusionsoft/api/npm/npm/json-schema-traverse/-/json-schema-traverse-0.4.1.tgz#69f6a87d9513ab8bb8fe63bdb0979c448e684660"
  integrity sha1-afaofZUTq4u4/mO9sJecRI5oRmA=

json-schema@0.2.3:
  version "0.2.3"
  resolved "https://infusionsoft.jfrog.io/infusionsoft/api/npm/npm/json-schema/-/json-schema-0.2.3.tgz#b480c892e59a2f05954ce727bd3f2a4e882f9e13"
  integrity sha1-tIDIkuWaLwWVTOcnvT8qTogvnhM=

json-stringify-safe@~5.0.1:
  version "5.0.1"
  resolved "https://infusionsoft.jfrog.io/infusionsoft/api/npm/npm/json-stringify-safe/-/json-stringify-safe-5.0.1.tgz#1296a2d58fd45f19a0f6ce01d65701e2c735b6eb"
  integrity sha1-Epai1Y/UXxmg9s4B1lcB4sc1tus=

jsprim@^1.2.2:
  version "1.4.1"
  resolved "https://infusionsoft.jfrog.io/infusionsoft/api/npm/npm/jsprim/-/jsprim-1.4.1.tgz#313e66bc1e5cc06e438bc1b7499c2e5c56acb6a2"
  integrity sha1-MT5mvB5cwG5Di8G3SZwuXFastqI=
  dependencies:
    assert-plus "1.0.0"
    extsprintf "1.3.0"
    json-schema "0.2.3"
    verror "1.10.0"

mime-db@1.40.0:
  version "1.40.0"
  resolved "https://infusionsoft.jfrog.io/infusionsoft/api/npm/npm/mime-db/-/mime-db-1.40.0.tgz#a65057e998db090f732a68f6c276d387d4126c32"
  integrity sha1-plBX6ZjbCQ9zKmj2wnbTh9QSbDI=

mime-types@^2.1.12, mime-types@~2.1.19:
  version "2.1.24"
  resolved "https://infusionsoft.jfrog.io/infusionsoft/api/npm/npm/mime-types/-/mime-types-2.1.24.tgz#b6f8d0b3e951efb77dedeca194cff6d16f676f81"
  integrity sha1-tvjQs+lR77d97eyhlM/20W9nb4E=
  dependencies:
    mime-db "1.40.0"

node-cron@^1.2.1:
  version "1.2.1"
  resolved "https://infusionsoft.jfrog.io/infusionsoft/api/npm/npm/node-cron/-/node-cron-1.2.1.tgz#8c90bc5dc723a56289b0786655ab4a1c4cb60368"
  integrity sha1-jJC8XccjpWKJsHhmVatKHEy2A2g=

node-fetch@1.7.1:
  version "1.7.1"
  resolved "https://infusionsoft.jfrog.io/infusionsoft/api/npm/npm/node-fetch/-/node-fetch-1.7.1.tgz#899cb3d0a3c92f952c47f1b876f4c8aeabd400d5"
  integrity sha1-iZyz0KPJL5UsR/G4dvTIrqvUANU=
  dependencies:
    encoding "^0.1.11"
    is-stream "^1.0.1"

oauth-sign@~0.9.0:
  version "0.9.0"
  resolved "https://infusionsoft.jfrog.io/infusionsoft/api/npm/npm/oauth-sign/-/oauth-sign-0.9.0.tgz#47a7b016baa68b5fa0ecf3dee08a85c679ac6455"
  integrity sha1-R6ewFrqmi1+g7PPe4IqFxnmsZFU=

parse-full-name@^1.2.3:
  version "1.2.3"
  resolved "https://infusionsoft.jfrog.io/infusionsoft/api/npm/npm/parse-full-name/-/parse-full-name-1.2.3.tgz#5a298301b9a90a42eab61182815f3e13a39fabed"
  integrity sha1-WimDAbmpCkLqthGCgV8+E6Ofq+0=

performance-now@^2.1.0:
  version "2.1.0"
  resolved "https://infusionsoft.jfrog.io/infusionsoft/api/npm/npm/performance-now/-/performance-now-2.1.0.tgz#6309f4e0e5fa913ec1c69307ae364b4b377c9e7b"
  integrity sha1-Ywn04OX6kT7BxpMHrjZLSzd8nns=

psl@^1.1.24:
  version "1.1.31"
  resolved "https://infusionsoft.jfrog.io/infusionsoft/api/npm/npm/psl/-/psl-1.1.31.tgz#e9aa86d0101b5b105cbe93ac6b784cd547276184"
  integrity sha1-6aqG0BAbWxBcvpOsa3hM1UcnYYQ=

punycode@^1.4.1:
  version "1.4.1"
  resolved "https://infusionsoft.jfrog.io/infusionsoft/api/npm/npm/punycode/-/punycode-1.4.1.tgz#c0d5a63b2718800ad8e1eb0fa5269c84dd41845e"
  integrity sha1-wNWmOycYgArY4esPpSachN1BhF4=

punycode@^2.1.0:
  version "2.1.1"
  resolved "https://infusionsoft.jfrog.io/infusionsoft/api/npm/npm/punycode/-/punycode-2.1.1.tgz#b58b010ac40c22c5657616c8d2c2c02c7bf479ec"
  integrity sha1-tYsBCsQMIsVldhbI0sLALHv0eew=

qs@~6.5.2:
  version "6.5.2"
  resolved "https://infusionsoft.jfrog.io/infusionsoft/api/npm/npm/qs/-/qs-6.5.2.tgz#cb3ae806e8740444584ef154ce8ee98d403f3e36"
  integrity sha1-yzroBuh0BERYTvFUzo7pjUA/PjY=

request@^2.87.0:
  version "2.88.0"
  resolved "https://infusionsoft.jfrog.io/infusionsoft/api/npm/npm/request/-/request-2.88.0.tgz#9c2fca4f7d35b592efe57c7f0a55e81052124fef"
  integrity sha1-nC/KT301tZLv5Xx/ClXoEFIST+8=
  dependencies:
    aws-sign2 "~0.7.0"
    aws4 "^1.8.0"
    caseless "~0.12.0"
    combined-stream "~1.0.6"
    extend "~3.0.2"
    forever-agent "~0.6.1"
    form-data "~2.3.2"
    har-validator "~5.1.0"
    http-signature "~1.2.0"
    is-typedarray "~1.0.0"
    isstream "~0.1.2"
    json-stringify-safe "~5.0.1"
    mime-types "~2.1.19"
    oauth-sign "~0.9.0"
    performance-now "^2.1.0"
    qs "~6.5.2"
    safe-buffer "^5.1.2"
    tough-cookie "~2.4.3"
    tunnel-agent "^0.6.0"
    uuid "^3.3.2"

safe-buffer@^5.0.1, safe-buffer@^5.1.2:
  version "5.1.2"
  resolved "https://infusionsoft.jfrog.io/infusionsoft/api/npm/npm/safe-buffer/-/safe-buffer-5.1.2.tgz#991ec69d296e0313747d59bdfd2b745c35f8828d"
  integrity sha1-mR7GnSluAxN0fVm9/St0XDX4go0=

"safer-buffer@>= 2.1.2 < 3", safer-buffer@^2.0.2, safer-buffer@^2.1.0, safer-buffer@~2.1.0:
  version "2.1.2"
  resolved "https://infusionsoft.jfrog.io/infusionsoft/api/npm/npm/safer-buffer/-/safer-buffer-2.1.2.tgz#44fa161b0187b9549dd84bb91802f9bd8385cd6a"
  integrity sha1-RPoWGwGHuVSd2Eu5GAL5vYOFzWo=

should@0.6.x:
  version "0.6.3"
  resolved "https://infusionsoft.jfrog.io/infusionsoft/api/npm/npm/should/-/should-0.6.3.tgz#d4b55335c8908f3a6c47970b687f750372acdc73"
  integrity sha1-1LVTNciQjzpsR5cLaH91A3Ks3HM=

sshpk@^1.7.0:
  version "1.16.1"
  resolved "https://infusionsoft.jfrog.io/infusionsoft/api/npm/npm/sshpk/-/sshpk-1.16.1.tgz#fb661c0bef29b39db40769ee39fa70093d6f6877"
  integrity sha1-+2YcC+8ps520B2nuOfpwCT1vaHc=
  dependencies:
    asn1 "~0.2.3"
    assert-plus "^1.0.0"
    bcrypt-pbkdf "^1.0.0"
    dashdash "^1.12.0"
    ecc-jsbn "~0.1.1"
    getpass "^0.1.1"
    jsbn "~0.1.0"
    safer-buffer "^2.0.2"
    tweetnacl "~0.14.0"

throttled-request@^0.1.1:
  version "0.1.1"
  resolved "https://infusionsoft.jfrog.io/infusionsoft/api/npm/npm/throttled-request/-/throttled-request-0.1.1.tgz#4146b70b77a5aeca33c46332cf13eb9c791e971b"
  integrity sha1-QUa3C3elrsozxGMyzxPrnHkelxs=

tough-cookie@~2.4.3:
  version "2.4.3"
  resolved "https://infusionsoft.jfrog.io/infusionsoft/api/npm/npm/tough-cookie/-/tough-cookie-2.4.3.tgz#53f36da3f47783b0925afa06ff9f3b165280f781"
  integrity sha1-U/Nto/R3g7CSWvoG/587FlKA94E=
  dependencies:
    psl "^1.1.24"
    punycode "^1.4.1"

tunnel-agent@^0.6.0:
  version "0.6.0"
  resolved "https://infusionsoft.jfrog.io/infusionsoft/api/npm/npm/tunnel-agent/-/tunnel-agent-0.6.0.tgz#27a5dea06b36b04a0a9966774b290868f0fc40fd"
  integrity sha1-J6XeoGs2sEoKmWZ3SykIaPD8QP0=
  dependencies:
    safe-buffer "^5.0.1"

tweetnacl@^0.14.3, tweetnacl@~0.14.0:
  version "0.14.5"
  resolved "https://infusionsoft.jfrog.io/infusionsoft/api/npm/npm/tweetnacl/-/tweetnacl-0.14.5.tgz#5ae68177f192d4456269d108afa93ff8743f4f64"
  integrity sha1-WuaBd/GS1EViadEIr6k/+HQ/T2Q=

uri-js@^4.2.2:
  version "4.2.2"
  resolved "https://infusionsoft.jfrog.io/infusionsoft/api/npm/npm/uri-js/-/uri-js-4.2.2.tgz#94c540e1ff772956e2299507c010aea6c8838eb0"
  integrity sha1-lMVA4f93KVbiKZUHwBCupsiDjrA=
  dependencies:
    punycode "^2.1.0"

uuid@^3.3.2:
  version "3.3.2"
  resolved "https://infusionsoft.jfrog.io/infusionsoft/api/npm/npm/uuid/-/uuid-3.3.2.tgz#1b4af4955eb3077c501c23872fc6513811587131"
  integrity sha1-G0r0lV6zB3xQHCOHL8ZROBFYcTE=

verror@1.10.0:
  version "1.10.0"
  resolved "https://infusionsoft.jfrog.io/infusionsoft/api/npm/npm/verror/-/verror-1.10.0.tgz#3a105ca17053af55d6e270c1f8288682e18da400"
  integrity sha1-OhBcoXBTr1XW4nDB+CiGguGNpAA=
  dependencies:
    assert-plus "^1.0.0"
    core-util-is "1.0.2"
    extsprintf "^1.2.0"

"youngliving-node@github:seanriceaz/youngliving-node":
  version "1.0.1"
  resolved "https://codeload.github.com/seanriceaz/youngliving-node/tar.gz/37eedae59eef9b3a14beb300e42079fbce3322ff"
  dependencies:
    fwk "1.1.8"
    node-fetch "1.7.1"
