# THIS IS AN AUTOGENERATED FILE. DO NOT EDIT THIS FILE DIRECTLY.
# yarn lockfile v1


async@0.2.x:
  version "0.2.10"
  resolved "https://registry.yarnpkg.com/async/-/async-0.2.10.tgz#b6bbe0b0674b9d719708ca38de8c237cb526c3d1"

cli-table@^0.3.1:
  version "0.3.1"
  resolved "https://registry.yarnpkg.com/cli-table/-/cli-table-0.3.1.tgz#f53b05266a8b1a0b934b3d0821e6e2dc5914ae23"
  dependencies:
    colors "1.0.3"

colors@1.0.3:
  version "1.0.3"
  resolved "https://registry.yarnpkg.com/colors/-/colors-1.0.3.tgz#0433f44d809680fdeb60ed260f1b0c262e82a40b"

commander@^2.8.1:
  version "2.15.1"
  resolved "https://registry.yarnpkg.com/commander/-/commander-2.15.1.tgz#df46e867d0fc2aec66a34662b406a9ccafff5b0f"

debug@^3.1.0:
  version "3.1.0"
  resolved "https://registry.yarnpkg.com/debug/-/debug-3.1.0.tgz#5bb5a0672628b64149566ba16819e61518c67261"
  dependencies:
    ms "2.0.0"

dotenv@^5.0.0:
  version "5.0.1"
  resolved "https://registry.yarnpkg.com/dotenv/-/dotenv-5.0.1.tgz#a5317459bd3d79ab88cff6e44057a6a3fbb1fcef"

encoding@^0.1.11:
  version "0.1.12"
  resolved "https://registry.yarnpkg.com/encoding/-/encoding-0.1.12.tgz#538b66f3ee62cd1ab51ec323829d1f9480c74beb"
  dependencies:
    iconv-lite "~0.4.13"

fast-equals@^1.0.6:
  version "1.2.1"
  resolved "https://registry.yarnpkg.com/fast-equals/-/fast-equals-1.2.1.tgz#aa1926b828213df4b528bfd9e21b17ba1c7d34cb"

flat@^4.0.0:
  version "4.0.0"
  resolved "https://registry.yarnpkg.com/flat/-/flat-4.0.0.tgz#3abc7f3b588e64ce77dc42fd59aa35806622fea8"
  dependencies:
    is-buffer "~1.1.5"

fwk@1.1.8:
  version "1.1.8"
  resolved "https://registry.yarnpkg.com/fwk/-/fwk-1.1.8.tgz#1ad4ed5300ef5baea1dcfb66ce497e747a15bb6d"
  dependencies:
    async "0.2.x"
    should "0.6.x"

iconv-lite@~0.4.13:
  version "0.4.21"
  resolved "https://registry.yarnpkg.com/iconv-lite/-/iconv-lite-0.4.21.tgz#c47f8733d02171189ebc4a400f3218d348094798"
  dependencies:
    safer-buffer "^2.1.0"

is-buffer@~1.1.5:
  version "1.1.6"
  resolved "https://registry.yarnpkg.com/is-buffer/-/is-buffer-1.1.6.tgz#efaa2ea9daa0d7ab2ea13a97b2b8ad51fefbe8be"

is-stream@^1.0.1:
  version "1.1.0"
  resolved "https://registry.yarnpkg.com/is-stream/-/is-stream-1.1.0.tgz#12d4a3dd4e68e0b79ceb8dbc84173ae80d91ca44"

json2csv@^3.11.5:
  version "3.11.5"
  resolved "https://registry.yarnpkg.com/json2csv/-/json2csv-3.11.5.tgz#088006c3b5c06425a48cb7326ca712a6f8661417"
  dependencies:
    cli-table "^0.3.1"
    commander "^2.8.1"
    debug "^3.1.0"
    flat "^4.0.0"
    lodash.clonedeep "^4.5.0"
    lodash.flatten "^4.4.0"
    lodash.get "^4.4.0"
    lodash.set "^4.3.0"
    lodash.uniq "^4.5.0"
    path-is-absolute "^1.0.0"

lodash.clonedeep@^4.5.0:
  version "4.5.0"
  resolved "https://registry.yarnpkg.com/lodash.clonedeep/-/lodash.clonedeep-4.5.0.tgz#e23f3f9c4f8fbdde872529c1071857a086e5ccef"

lodash.flatten@^4.4.0:
  version "4.4.0"
  resolved "https://registry.yarnpkg.com/lodash.flatten/-/lodash.flatten-4.4.0.tgz#f31c22225a9632d2bbf8e4addbef240aa765a61f"

lodash.get@^4.4.0:
  version "4.4.2"
  resolved "https://registry.yarnpkg.com/lodash.get/-/lodash.get-4.4.2.tgz#2d177f652fa31e939b4438d5341499dfa3825e99"

lodash.set@^4.3.0:
  version "4.3.2"
  resolved "https://registry.yarnpkg.com/lodash.set/-/lodash.set-4.3.2.tgz#d8757b1da807dde24816b0d6a84bea1a76230b23"

lodash.uniq@^4.5.0:
  version "4.5.0"
  resolved "https://registry.yarnpkg.com/lodash.uniq/-/lodash.uniq-4.5.0.tgz#d0225373aeb652adc1bc82e4945339a842754773"

ms@2.0.0:
  version "2.0.0"
  resolved "https://registry.yarnpkg.com/ms/-/ms-2.0.0.tgz#5608aeadfc00be6c2901df5f9861788de0d597c8"

node-fetch@1.7.1:
  version "1.7.1"
  resolved "https://registry.yarnpkg.com/node-fetch/-/node-fetch-1.7.1.tgz#899cb3d0a3c92f952c47f1b876f4c8aeabd400d5"
  dependencies:
    encoding "^0.1.11"
    is-stream "^1.0.1"

parse-full-name@^1.2.3:
  version "1.2.3"
  resolved "https://registry.yarnpkg.com/parse-full-name/-/parse-full-name-1.2.3.tgz#5a298301b9a90a42eab61182815f3e13a39fabed"

path-is-absolute@^1.0.0:
  version "1.0.1"
  resolved "https://registry.yarnpkg.com/path-is-absolute/-/path-is-absolute-1.0.1.tgz#174b9268735534ffbc7ace6bf53a5a9e1b5c5f5f"

safer-buffer@^2.1.0:
  version "2.1.2"
  resolved "https://registry.yarnpkg.com/safer-buffer/-/safer-buffer-2.1.2.tgz#44fa161b0187b9549dd84bb91802f9bd8385cd6a"

should@0.6.x:
  version "0.6.3"
  resolved "https://registry.yarnpkg.com/should/-/should-0.6.3.tgz#d4b55335c8908f3a6c47970b687f750372acdc73"

"youngliving-node@github:seanriceaz/youngliving-node":
  version "1.0.1"
  resolved "https://codeload.github.com/seanriceaz/youngliving-node/tar.gz/37eedae59eef9b3a14beb300e42079fbce3322ff"
  dependencies:
    fwk "1.1.8"
    node-fetch "1.7.1"
